Microsoft Visual Studio Solution File, Format Version 12.00
# Visual Studio Version 17
VisualStudioVersion = 17.5.2.0
MinimumVisualStudioVersion = 10.0.40219.1
Project("{FAE04EC0-301F-11D3-BF4B-00C04F79EFBC}") = "oggetti2", "oggetti2.csproj", "{717C5EA6-50ED-34DE-7168-6F5562A87211}"
EndProject
Global
	GlobalSection(SolutionConfigurationPlatforms) = preSolution
		Debug|Any CPU = Debug|Any CPU
		Release|Any CPU = Release|Any CPU
	EndGlobalSection
	GlobalSection(ProjectConfigurationPlatforms) = postSolution
		{717C5EA6-50ED-34DE-7168-6F5562A87211}.Debug|Any CPU.ActiveCfg = Debug|Any CPU
		{717C5EA6-50ED-34DE-7168-6F5562A87211}.Debug|Any CPU.Build.0 = Debug|Any CPU
		{717C5EA6-50ED-34DE-7168-6F5562A87211}.Release|Any CPU.ActiveCfg = Release|Any CPU
		{717C5EA6-50ED-34DE-7168-6F5562A87211}.Release|Any CPU.Build.0 = Release|Any CPU
	EndGlobalSection
	GlobalSection(SolutionProperties) = preSolution
		HideSolutionNode = FALSE
	EndGlobalSection
	GlobalSection(ExtensibilityGlobals) = postSolution
		SolutionGuid = {206D2678-694D-4094-8DFC-10C45179167C}
	EndGlobalSection
EndGlobal
