Microsoft Visual Studio Solution File, Format Version 12.00
# Visual Studio Version 17
VisualStudioVersion = 17.5.2.0
MinimumVisualStudioVersion = 10.0.40219.1
Project("{FAE04EC0-301F-11D3-BF4B-00C04F79EFBC}") = "astrazione1", "astrazione1.csproj", "{2E58E22C-9B26-5FA2-400D-5EDCF5FFFEC3}"
EndProject
Global
	GlobalSection(SolutionConfigurationPlatforms) = preSolution
		Debug|Any CPU = Debug|Any CPU
		Release|Any CPU = Release|Any CPU
	EndGlobalSection
	GlobalSection(ProjectConfigurationPlatforms) = postSolution
		{2E58E22C-9B26-5FA2-400D-5EDCF5FFFEC3}.Debug|Any CPU.ActiveCfg = Debug|Any CPU
		{2E58E22C-9B26-5FA2-400D-5EDCF5FFFEC3}.Debug|Any CPU.Build.0 = Debug|Any CPU
		{2E58E22C-9B26-5FA2-400D-5EDCF5FFFEC3}.Release|Any CPU.ActiveCfg = Release|Any CPU
		{2E58E22C-9B26-5FA2-400D-5EDCF5FFFEC3}.Release|Any CPU.Build.0 = Release|Any CPU
	EndGlobalSection
	GlobalSection(SolutionProperties) = preSolution
		HideSolutionNode = FALSE
	EndGlobalSection
	GlobalSection(ExtensibilityGlobals) = postSolution
		SolutionGuid = {B1DF8670-80AE-4328-A587-DCB418170464}
	EndGlobalSection
EndGlobal
