Microsoft Visual Studio Solution File, Format Version 12.00
# Visual Studio Version 17
VisualStudioVersion = 17.5.2.0
MinimumVisualStudioVersion = 10.0.40219.1
Project("{FAE04EC0-301F-11D3-BF4B-00C04F79EFBC}") = "oggetti1", "oggetti1.csproj", "{6646A76A-1ADC-8588-96B4-8011DE56A239}"
EndProject
Global
	GlobalSection(SolutionConfigurationPlatforms) = preSolution
		Debug|Any CPU = Debug|Any CPU
		Release|Any CPU = Release|Any CPU
	EndGlobalSection
	GlobalSection(ProjectConfigurationPlatforms) = postSolution
		{6646A76A-1ADC-8588-96B4-8011DE56A239}.Debug|Any CPU.ActiveCfg = Debug|Any CPU
		{6646A76A-1ADC-8588-96B4-8011DE56A239}.Debug|Any CPU.Build.0 = Debug|Any CPU
		{6646A76A-1ADC-8588-96B4-8011DE56A239}.Release|Any CPU.ActiveCfg = Release|Any CPU
		{6646A76A-1ADC-8588-96B4-8011DE56A239}.Release|Any CPU.Build.0 = Release|Any CPU
	EndGlobalSection
	GlobalSection(SolutionProperties) = preSolution
		HideSolutionNode = FALSE
	EndGlobalSection
	GlobalSection(ExtensibilityGlobals) = postSolution
		SolutionGuid = {F8A0BACB-DEC8-4CCE-98D6-B44B74E448C8}
	EndGlobalSection
EndGlobal
